
Microsoft Visual Studio Solution File, Format Version 12.00
# Visual Studio Version 17
VisualStudioVersion = 17.13.35828.75
MinimumVisualStudioVersion = 10.0.40219.1
Project("{FAE04EC0-301F-11D3-BF4B-00C04F79EFBC}") = "DevAppDeploy", "DevAppDeploy\DevAppDeploy.csproj", "{63746F13-34C2-49D0-915F-266C1BE3E895}"
EndProject
Project("{FAE04EC0-301F-11D3-BF4B-00C04F79EFBC}") = "DevAppDeploy.Tests", "DevAppDeploy.Tests\DevAppDeploy.Tests.csproj", "{13BC3551-400B-4AC8-8D31-C8151FA62DEB}"
EndProject
Global
	GlobalSection(SolutionConfigurationPlatforms) = preSolution
		Debug|Any CPU = Debug|Any CPU
		Release|Any CPU = Release|Any CPU
	EndGlobalSection
	GlobalSection(ProjectConfigurationPlatforms) = postSolution
		{63746F13-34C2-49D0-915F-266C1BE3E895}.Debug|Any CPU.ActiveCfg = Debug|Any CPU
		{63746F13-34C2-49D0-915F-266C1BE3E895}.Debug|Any CPU.Build.0 = Debug|Any CPU
		{63746F13-34C2-49D0-915F-266C1BE3E895}.Release|Any CPU.ActiveCfg = Release|Any CPU
		{63746F13-34C2-49D0-915F-266C1BE3E895}.Release|Any CPU.Build.0 = Release|Any CPU
		{13BC3551-400B-4AC8-8D31-C8151FA62DEB}.Debug|Any CPU.ActiveCfg = Debug|Any CPU
		{13BC3551-400B-4AC8-8D31-C8151FA62DEB}.Debug|Any CPU.Build.0 = Debug|Any CPU
		{13BC3551-400B-4AC8-8D31-C8151FA62DEB}.Release|Any CPU.ActiveCfg = Release|Any CPU
		{13BC3551-400B-4AC8-8D31-C8151FA62DEB}.Release|Any CPU.Build.0 = Release|Any CPU
	EndGlobalSection
	GlobalSection(SolutionProperties) = preSolution
		HideSolutionNode = FALSE
	EndGlobalSection
	GlobalSection(ExtensibilityGlobals) = postSolution
		SolutionGuid = {C9C22917-B15B-4179-A042-7C69A38952C9}
	EndGlobalSection
EndGlobal
